
Microsoft Visual Studio Solution File, Format Version 12.00
# Visual Studio 15
VisualStudioVersion = 15.0.27428.2043
MinimumVisualStudioVersion = 10.0.40219.1
Project("{FAE04EC0-301F-11D3-BF4B-00C04F79EFBC}") = "MetadataInfo", "MetadataInfo\MetadataInfo.csproj", "{F974D1A6-C00A-4960-9D88-29934AF0BC2B}"
EndProject
Global
	GlobalSection(SolutionConfigurationPlatforms) = preSolution
		Debug|Any CPU = Debug|Any CPU
		Release|Any CPU = Release|Any CPU
	EndGlobalSection
	GlobalSection(ProjectConfigurationPlatforms) = postSolution
		{F974D1A6-C00A-4960-9D88-29934AF0BC2B}.Debug|Any CPU.ActiveCfg = Debug|Any CPU
		{F974D1A6-C00A-4960-9D88-29934AF0BC2B}.Debug|Any CPU.Build.0 = Debug|Any CPU
		{F974D1A6-C00A-4960-9D88-29934AF0BC2B}.Release|Any CPU.ActiveCfg = Release|Any CPU
		{F974D1A6-C00A-4960-9D88-29934AF0BC2B}.Release|Any CPU.Build.0 = Release|Any CPU
	EndGlobalSection
	GlobalSection(SolutionProperties) = preSolution
		HideSolutionNode = FALSE
	EndGlobalSection
	GlobalSection(ExtensibilityGlobals) = postSolution
		SolutionGuid = {1D8895F7-73B2-46F3-A039-9F2A5F8022CD}
	EndGlobalSection
EndGlobal
